{
  "version": 4,
  "terraform_version": "1.14.6",
  "serial": 2,
  "lineage": "9eb24768-16d6-73ca-52c2-66e9b971401e",
  "outputs": {},
  "resources": [
    {
      "mode": "managed",
      "type": "google_cloud_run_v2_service",
      "name": "secure_api",
      "provider": "provider[\"registry.terraform.io/hashicorp/google\"]",
      "instances": [
        {
          "schema_version": 0,
          "attributes": {
            "annotations": {},
            "binary_authorization": [],
            "client": "gcloud",
            "client_version": "568.0.0",
            "conditions": [
              {
                "execution_reason": "",
                "last_transition_time": "2026-05-18T01:02:41.814678Z",
                "message": "",
                "reason": "",
                "revision_reason": "",
                "severity": "",
                "state": "CONDITION_SUCCEEDED",
                "type": "RoutesReady"
              },
              {
                "execution_reason": "",
                "last_transition_time": "2026-05-18T01:02:40.556128Z",
                "message": "",
                "reason": "",
                "revision_reason": "",
                "severity": "",
                "state": "CONDITION_SUCCEEDED",
                "type": "ConfigurationsReady"
              }
            ],
            "create_time": "2026-04-24T00:00:51.742499Z",
            "creator": "Mrhoeser@gmail.com",
            "custom_audiences": [],
            "delete_time": "",
            "description": "",
            "effective_annotations": {},
            "effective_labels": {},
            "etag": "\"CKfKqdAGEKDUusIC/cHJvamVjdHMvZGV2c2Vjb3BzLTQ5NDEyMy9sb2NhdGlvbnMvdXMtY2VudHJhbDEvc2VydmljZXMvc2VjdXJlLWFwaQ\"",
            "expire_time": "",
            "generation": "19",
            "id": "projects/devsecops-494123/locations/us-central1/services/secure-api",
            "ingress": "INGRESS_TRAFFIC_ALL",
            "labels": {},
            "last_modifier": "github-actions-sa@devsecops-494123.iam.gserviceaccount.com",
            "latest_created_revision": "projects/devsecops-494123/locations/us-central1/services/secure-api/revisions/secure-api-00019-d9q",
            "latest_ready_revision": "projects/devsecops-494123/locations/us-central1/services/secure-api/revisions/secure-api-00019-d9q",
            "launch_stage": "GA",
            "location": "us-central1",
            "name": "secure-api",
            "observed_generation": "19",
            "project": "devsecops-494123",
            "reconciling": false,
            "template": [
              {
                "annotations": {},
                "containers": [
                  {
                    "args": [],
                    "command": [],
                    "depends_on": [],
                    "env": [
                      {
                        "name": "DB_USER",
                        "value": "apiuser",
                        "value_source": []
                      },
                      {
                        "name": "DB_NAME",
                        "value": "securedb",
                        "value_source": []
                      },
                      {
                        "name": "INSTANCE_CONNECTION_NAME",
                        "value": "devsecops-494123:us-central1:secure-api-db",
                        "value_source": []
                      },
                      {
                        "name": "DB_PASSWORD",
                        "value": "",
                        "value_source": [
                          {
                            "secret_key_ref": [
                              {
                                "secret": "DB_PASSWORD",
                                "version": "latest"
                              }
                            ]
                          }
                        ]
                      },
                      {
                        "name": "JWT_SECRET",
                        "value": "",
                        "value_source": [
                          {
                            "secret_key_ref": [
                              {
                                "secret": "JWT_SECRET",
                                "version": "latest"
                              }
                            ]
                          }
                        ]
                      }
                    ],
                    "image": "us-central1-docker.pkg.dev/devsecops-494123/cloud-run-source-deploy/secure-api@sha256:ef5da78ac9747ce548ee8772e314f7c32e7e9a2a153ab7b1b50507cb3d089642",
                    "liveness_probe": [],
                    "name": "",
                    "ports": [
                      {
                        "container_port": 8080,
                        "name": "http1"
                      }
                    ],
                    "resources": [
                      {
                        "cpu_idle": true,
                        "limits": {
                          "cpu": "1000m",
                          "memory": "512Mi"
                        },
                        "startup_cpu_boost": true
                      }
                    ],
                    "startup_probe": [
                      {
                        "failure_threshold": 1,
                        "grpc": [],
                        "http_get": [],
                        "initial_delay_seconds": 0,
                        "period_seconds": 240,
                        "tcp_socket": [
                          {
                            "port": 8080
                          }
                        ],
                        "timeout_seconds": 240
                      }
                    ],
                    "volume_mounts": [
                      {
                        "mount_path": "/cloudsql",
                        "name": "cloudsql"
                      }
                    ],
                    "working_dir": ""
                  }
                ],
                "encryption_key": "",
                "execution_environment": "",
                "labels": {},
                "max_instance_request_concurrency": 80,
                "revision": "",
                "scaling": [
                  {
                    "max_instance_count": 3,
                    "min_instance_count": 0
                  }
                ],
                "service_account": "1097545195926-compute@developer.gserviceaccount.com",
                "session_affinity": false,
                "timeout": "300s",
                "volumes": [
                  {
                    "cloud_sql_instance": [
                      {
                        "instances": [
                          "devsecops-494123:us-central1:secure-api-db"
                        ]
                      }
                    ],
                    "gcs": [],
                    "name": "cloudsql",
                    "nfs": [],
                    "secret": []
                  }
                ],
                "vpc_access": []
              }
            ],
            "terminal_condition": [
              {
                "execution_reason": "",
                "last_transition_time": "2026-05-18T01:02:41.850581Z",
                "message": "",
                "reason": "",
                "revision_reason": "",
                "severity": "",
                "state": "CONDITION_SUCCEEDED",
                "type": "Ready"
              }
            ],
            "terraform_labels": {},
            "timeouts": null,
            "traffic": [
              {
                "percent": 100,
                "revision": "",
                "tag": "",
                "type": "TRAFFIC_TARGET_ALLOCATION_TYPE_LATEST"
              }
            ],
            "traffic_statuses": [
              {
                "percent": 100,
                "revision": "",
                "tag": "",
                "type": "TRAFFIC_TARGET_ALLOCATION_TYPE_LATEST",
                "uri": ""
              }
            ],
            "uid": "472be37d-b93a-4570-b145-beef2164073a",
            "update_time": "2026-05-18T01:02:31.676244Z",
            "uri": "https://secure-api-ysmvkepvka-uc.a.run.app"
          },
          "sensitive_attributes": [],
          "identity_schema_version": 0,
          "private": "eyJlMmJmYjczMC1lY2FhLTExZTYtOGY4OC0zNDM2M2JjN2M0YzAiOnsiY3JlYXRlIjoxMjAwMDAwMDAwMDAwLCJkZWxldGUiOjEyMDAwMDAwMDAwMDAsInVwZGF0ZSI6MTIwMDAwMDAwMDAwMH0sInNjaGVtYV92ZXJzaW9uIjoiMCJ9"
        }
      ]
    },
    {
      "mode": "managed",
      "type": "google_sql_database_instance",
      "name": "postgres",
      "provider": "provider[\"registry.terraform.io/hashicorp/google\"]",
      "instances": [
        {
          "schema_version": 0,
          "attributes": {
            "available_maintenance_versions": [],
            "clone": [],
            "connection_name": "devsecops-494123:us-central1:secure-api-db",
            "database_version": "POSTGRES_15",
            "deletion_protection": true,
            "dns_name": "",
            "encryption_key_name": null,
            "first_ip_address": "34.16.30.90",
            "id": "secure-api-db",
            "instance_type": "CLOUD_SQL_INSTANCE",
            "ip_address": [
              {
                "ip_address": "34.16.30.90",
                "time_to_retire": "",
                "type": "PRIMARY"
              },
              {
                "ip_address": "34.67.87.46",
                "time_to_retire": "",
                "type": "OUTGOING"
              }
            ],
            "maintenance_version": "POSTGRES_15_17.R20260319.00_11",
            "master_instance_name": "",
            "name": "secure-api-db",
            "private_ip_address": "",
            "project": "devsecops-494123",
            "psc_service_attachment_link": "",
            "public_ip_address": "34.16.30.90",
            "region": "us-central1",
            "replica_configuration": [],
            "restore_backup_context": [],
            "root_password": null,
            "self_link": "https://sqladmin.googleapis.com/sql/v1beta4/projects/devsecops-494123/instances/secure-api-db",
            "server_ca_cert": [
              {
                "cert": "-----BEGIN CERTIFICATE-----\nMIIDcTCCAlmgAwIBAgIBADANBgkqhkiG9w0BAQsFADBwMS0wKwYDVQQuEyRjNjJk\nZDM1NC01MDZkLTQ0N2YtOWY2Yi0zNmUxMDc1MzYzZTQxHDAaBgNVBAMTE0Nsb3Vk\nIFNRTCBTZXJ2ZXIgQ0ExFDASBgNVBAoTC0dvb2dsZSwgSW5jMQswCQYDVQQGEwJV\nUzAeFw0yNjA1MDUwMjAyMTBaFw0zNjA1MDIwMjAzMTBaMHAxLTArBgNVBC4TJGM2\nMmRkMzU0LTUwNmQtNDQ3Zi05ZjZiLTM2ZTEwNzUzNjNlNDEcMBoGA1UEAxMTQ2xv\ndWQgU1FMIFNlcnZlciBDQTEUMBIGA1UEChMLR29vZ2xlLCBJbmMxCzAJBgNVBAYT\nAlVTMIIBIjANBgkqhkiG9w0BAQEFAAOCAQ8AMIIBCgKCAQEA2WQEAyySZ3WvyzKg\nBa0xy8NqUU0iSGMCszHNHiKbNBFrEOq1bSJJNlqK+HCRVBi5VIa72kiUmpv89MGV\nOsD4qv/UWcq+I2Pn+oomY7CNG+1lkGsX20QY0l+x460XXHyYqjnOUf+YgseKjJZ0\nwFEVtuGPGd10QrD2/ERaQP/Xe5OkDgRbexAiTGzQ8WbBOzmqYwsopyDpLSuta/p0\nCjcI71wEOotdKBa9o95NEQwPDpBAu9Ai4ExOH8RAYzf4vsJ6Ag9ZTOpIots6Zfk5\nSE2xW4ia8DMm00toY9RhduafnM9ZxqmEl0u+ejHD/5kT6ABtx/a87GYB4kQc29KB\ngL/VfwIDAQABoxYwFDASBgNVHRMBAf8ECDAGAQH/AgEAMA0GCSqGSIb3DQEBCwUA\nA4IBAQCVeMsOKKFpp4WbJ/17H3khssc3iw8NdqJBhsASrEj9UXdoRd5AWHN1YzZD\nwyEMYlR7UBtC7nE+oEklxYEZmv745ke6CE6d5sGTl7vw3Tp9Q5wZpD3NC37e/ncY\nLkDglYi0Boy7Ocrq9rXZLLNMvJmxMzeORRRCaVCoxBLrGkmMhvVUcIG7BLGicTMe\nWEhp2xXRfhm244m5UAx8v1Rwt+FNdZt92XttUVcV4di3eRDgGL/9oYuMQQeg4dct\nPeAGTuwm4DwPHJZyAht4dmiaKiIRU7mZNUmp3uM+fXLSHQBlfWkShYBToZza1i09\nRhiQVYC8O3IIAFPoI4c1UPlWEFFR\n-----END CERTIFICATE-----",
                "common_name": "C=US,O=Google\\, Inc,CN=Cloud SQL Server CA,dnQualifier=c62dd354-506d-447f-9f6b-36e1075363e4",
                "create_time": "2026-05-05T02:02:10.979Z",
                "expiration_time": "2036-05-02T02:03:10.979Z",
                "sha1_fingerprint": "dfcb34fc6db8a603895d660673f33eeccd601afa"
              }
            ],
            "service_account_email_address": "p1097545195926-5uak2x@gcp-sa-cloud-sql.iam.gserviceaccount.com",
            "settings": [
              {
                "activation_policy": "ALWAYS",
                "active_directory_config": [],
                "advanced_machine_features": [],
                "availability_type": "ZONAL",
                "backup_configuration": [
                  {
                    "backup_retention_settings": [
                      {
                        "retained_backups": 7,
                        "retention_unit": "COUNT"
                      }
                    ],
                    "binary_log_enabled": false,
                    "enabled": false,
                    "location": "",
                    "point_in_time_recovery_enabled": false,
                    "start_time": "10:00",
                    "transaction_log_retention_days": 7
                  }
                ],
                "collation": "",
                "connector_enforcement": "NOT_REQUIRED",
                "data_cache_config": [],
                "database_flags": [],
                "deletion_protection_enabled": false,
                "deny_maintenance_period": [],
                "disk_autoresize": true,
                "disk_autoresize_limit": 0,
                "disk_size": 10,
                "disk_type": "PD_SSD",
                "edition": "ENTERPRISE",
                "enable_dataplex_integration": true,
                "enable_google_ml_integration": false,
                "insights_config": [],
                "ip_configuration": [
                  {
                    "allocated_ip_range": "",
                    "authorized_networks": [],
                    "enable_private_path_for_google_cloud_services": false,
                    "ipv4_enabled": true,
                    "private_network": "",
                    "psc_config": [],
                    "require_ssl": false,
                    "server_ca_mode": "GOOGLE_MANAGED_INTERNAL_CA",
                    "ssl_mode": ""
                  }
                ],
                "location_preference": [
                  {
                    "follow_gae_application": "",
                    "secondary_zone": "",
                    "zone": "us-central1-a"
                  }
                ],
                "maintenance_window": [],
                "password_validation_policy": [],
                "pricing_plan": "PER_USE",
                "sql_server_audit_config": [],
                "tier": "db-f1-micro",
                "time_zone": "",
                "user_labels": {},
                "version": 18
              }
            ],
            "timeouts": null
          },
          "sensitive_attributes": [
            [
              {
                "type": "get_attr",
                "value": "root_password"
              }
            ],
            [
              {
                "type": "get_attr",
                "value": "server_ca_cert"
              }
            ]
          ],
          "identity_schema_version": 0,
          "private": "eyJlMmJmYjczMC1lY2FhLTExZTYtOGY4OC0zNDM2M2JjN2M0YzAiOnsiY3JlYXRlIjo1NDAwMDAwMDAwMDAwLCJkZWxldGUiOjU0MDAwMDAwMDAwMDAsInVwZGF0ZSI6NTQwMDAwMDAwMDAwMH0sInNjaGVtYV92ZXJzaW9uIjoiMCJ9"
        }
      ]
    }
  ],
  "check_results": null
}
